{
  "version": "3",
  "remote": {
    "https://deno.land/x/dotenv@v3.2.0/mod.ts": "077b48773de9205266a0b44c3c3a3c3083449ed64bb0b6cc461b95720678d38e",
    "https://deno.land/x/dotenv@v3.2.0/util.ts": "693730877b13f8ead2b79b2aa31e2a0652862f7dc0c5f6d2f313f4d39c7b7670",
    "https://esm.sh/crypto-js@4.1.1": "11b15cff88edad7eae01fe28e54c0caa1294e923723e15cb810468ef52a7ea44",
    "https://esm.sh/pinyin@2.11.1": "e4ecd6ff6e33c941225432236bc77840a1cec4fb3308558f1feb37fdae372430",
    "https://esm.sh/v135/crypto-js@4.1.1/denonext/crypto-js.mjs": "b25d264259764a5c95fe9dfe04820d3aa6b22e063776db1dd1d0e7ac2e106eb3",
    "https://esm.sh/v135/pinyin@2.11.1/denonext/pinyin.mjs": "acc6c55f7beb7bb2386615c3c2f95618f8a3c89413c43b9e2ccaf1fc9d9d2a75"
  }
}
